{
  "object": {
    "pins": [
      {
        "package": "LightCompressor",
        "repositoryURL": "https://github.com/AbedElazizShe/LightCompressor_iOS.git",
        "state": {
          "branch": null,
          "revision": "3277511073f3f1c60867d80cc660674dae70061a",
          "version": "0.1.6"
        }
      }
    ]
  },
  "version": 1
}
