// !$*UTF8*$!
{
	archiveVersion = 1;
	classes = {
	};
	objectVersion = 52;
	objects = {

/* Begin PBXBuildFile section */
		7D8E4A6624FBE66D0057CE82 /* README.md in Resources */ = {isa = PBXBuildFile; fileRef = 7D8E4A6524FBE66D0057CE82 /* README.md */; };
		7D8E4A6C24FBEB330057CE82 /* pictures in Resources */ = {isa = PBXBuildFile; fileRef = 7D8E4A6B24FBEB330057CE82 /* pictures */; };
		B12B740F24FBD3DD000A756A /* AppDelegate.swift in Sources */ = {isa = PBXBuildFile; fileRef = B12B740E24FBD3DD000A756A /* AppDelegate.swift */; };
		B12B741324FBD3DD000A756A /* ViewController.swift in Sources */ = {isa = PBXBuildFile; fileRef = B12B741224FBD3DD000A756A /* ViewController.swift */; };
		B12B741624FBD3DD000A756A /* Main.storyboard in Resources */ = {isa = PBXBuildFile; fileRef = B12B741424FBD3DD000A756A /* Main.storyboard */; };
		B12B741824FBD3E2000A756A /* Assets.xcassets in Resources */ = {isa = PBXBuildFile; fileRef = B12B741724FBD3E2000A756A /* Assets.xcassets */; };
		B12B741B24FBD3E2000A756A /* LaunchScreen.storyboard in Resources */ = {isa = PBXBuildFile; fileRef = B12B741924FBD3E2000A756A /* LaunchScreen.storyboard */; };
		B12B742424FBD46A000A756A /* LightCompressor in Frameworks */ = {isa = PBXBuildFile; productRef = B12B742324FBD46A000A756A /* LightCompressor */; };
		B12B742624FBDF14000A756A /* SceneDelegate.swift in Sources */ = {isa = PBXBuildFile; fileRef = B12B742524FBDF14000A756A /* SceneDelegate.swift */; };
/* End PBXBuildFile section */

/* Begin PBXFileReference section */
		7D8E4A6524FBE66D0057CE82 /* README.md */ = {isa = PBXFileReference; fileEncoding = 4; lastKnownFileType = net.daringfireball.markdown; path = README.md; sourceTree = SOURCE_ROOT; };
		7D8E4A6B24FBEB330057CE82 /* pictures */ = {isa = PBXFileReference; lastKnownFileType = folder; path = pictures; sourceTree = "<group>"; };
		B12B740B24FBD3DD000A756A /* lightcompressorsample.app */ = {isa = PBXFileReference; explicitFileType = wrapper.application; includeInIndex = 0; path = lightcompressorsample.app; sourceTree = BUILT_PRODUCTS_DIR; };
		B12B740E24FBD3DD000A756A /* AppDelegate.swift */ = {isa = PBXFileReference; lastKnownFileType = sourcecode.swift; path = AppDelegate.swift; sourceTree = "<group>"; };
		B12B741224FBD3DD000A756A /* ViewController.swift */ = {isa = PBXFileReference; lastKnownFileType = sourcecode.swift; path = ViewController.swift; sourceTree = "<group>"; };
		B12B741524FBD3DD000A756A /* Base */ = {isa = PBXFileReference; lastKnownFileType = file.storyboard; name = Base; path = Base.lproj/Main.storyboard; sourceTree = "<group>"; };
		B12B741724FBD3E2000A756A /* Assets.xcassets */ = {isa = PBXFileReference; lastKnownFileType = folder.assetcatalog; path = Assets.xcassets; sourceTree = "<group>"; };
		B12B741A24FBD3E2000A756A /* Base */ = {isa = PBXFileReference; lastKnownFileType = file.storyboard; name = Base; path = Base.lproj/LaunchScreen.storyboard; sourceTree = "<group>"; };
		B12B741C24FBD3E2000A756A /* Info.plist */ = {isa = PBXFileReference; lastKnownFileType = text.plist.xml; path = Info.plist; sourceTree = "<group>"; };
		B12B742524FBDF14000A756A /* SceneDelegate.swift */ = {isa = PBXFileReference; fileEncoding = 4; lastKnownFileType = sourcecode.swift; path = SceneDelegate.swift; sourceTree = "<group>"; };
/* End PBXFileReference section */

/* Begin PBXFrameworksBuildPhase section */
		B12B740824FBD3DD000A756A /* Frameworks */ = {
			isa = PBXFrameworksBuildPhase;
			buildActionMask = 2147483647;
			files = (
				B12B742424FBD46A000A756A /* LightCompressor in Frameworks */,
			);
			runOnlyForDeploymentPostprocessing = 0;
		};
/* End PBXFrameworksBuildPhase section */

/* Begin PBXGroup section */
		B12B740224FBD3DD000A756A = {
			isa = PBXGroup;
			children = (
				7D8E4A6B24FBEB330057CE82 /* pictures */,
				B12B740D24FBD3DD000A756A /* lightcompressorsample */,
				B12B740C24FBD3DD000A756A /* Products */,
				7D8E4A6524FBE66D0057CE82 /* README.md */,
			);
			sourceTree = "<group>";
		};
		B12B740C24FBD3DD000A756A /* Products */ = {
			isa = PBXGroup;
			children = (
				B12B740B24FBD3DD000A756A /* lightcompressorsample.app */,
			);
			name = Products;
			sourceTree = "<group>";
		};
		B12B740D24FBD3DD000A756A /* lightcompressorsample */ = {
			isa = PBXGroup;
			children = (
				B12B742524FBDF14000A756A /* SceneDelegate.swift */,
				B12B740E24FBD3DD000A756A /* AppDelegate.swift */,
				B12B741224FBD3DD000A756A /* ViewController.swift */,
				B12B741424FBD3DD000A756A /* Main.storyboard */,
				B12B741724FBD3E2000A756A /* Assets.xcassets */,
				B12B741924FBD3E2000A756A /* LaunchScreen.storyboard */,
				B12B741C24FBD3E2000A756A /* Info.plist */,
			);
			path = lightcompressorsample;
			sourceTree = "<group>";
		};
/* End PBXGroup section */

/* Begin PBXNativeTarget section */
		B12B740A24FBD3DD000A756A /* lightcompressorsample */ = {
			isa = PBXNativeTarget;
			buildConfigurationList = B12B741F24FBD3E2000A756A /* Build configuration list for PBXNativeTarget "lightcompressorsample" */;
			buildPhases = (
				B12B740724FBD3DD000A756A /* Sources */,
				B12B740824FBD3DD000A756A /* Frameworks */,
				B12B740924FBD3DD000A756A /* Resources */,
			);
			buildRules = (
			);
			dependencies = (
			);
			name = lightcompressorsample;
			packageProductDependencies = (
				B12B742324FBD46A000A756A /* LightCompressor */,
			);
			productName = lightcompressorsample;
			productReference = B12B740B24FBD3DD000A756A /* lightcompressorsample.app */;
			productType = "com.apple.product-type.application";
		};
/* End PBXNativeTarget section */

/* Begin PBXProject section */
		B12B740324FBD3DD000A756A /* Project object */ = {
			isa = PBXProject;
			attributes = {
				LastSwiftUpdateCheck = 1160;
				LastUpgradeCheck = 1160;
				ORGANIZATIONNAME = "AbedElaziz shehadeh";
				TargetAttributes = {
					B12B740A24FBD3DD000A756A = {
						CreatedOnToolsVersion = 11.6;
					};
				};
			};
			buildConfigurationList = B12B740624FBD3DD000A756A /* Build configuration list for PBXProject "lightcompressorsample" */;
			compatibilityVersion = "Xcode 9.3";
			developmentRegion = en;
			hasScannedForEncodings = 0;
			knownRegions = (
				en,
				Base,
			);
			mainGroup = B12B740224FBD3DD000A756A;
			packageReferences = (
				B12B742224FBD46A000A756A /* XCRemoteSwiftPackageReference "LightCompressor_iOS" */,
			);
			productRefGroup = B12B740C24FBD3DD000A756A /* Products */;
			projectDirPath = "";
			projectRoot = "";
			targets = (
				B12B740A24FBD3DD000A756A /* lightcompressorsample */,
			);
		};
/* End PBXProject section */

/* Begin PBXResourcesBuildPhase section */
		B12B740924FBD3DD000A756A /* Resources */ = {
			isa = PBXResourcesBuildPhase;
			buildActionMask = 2147483647;
			files = (
				B12B741B24FBD3E2000A756A /* LaunchScreen.storyboard in Resources */,
				7D8E4A6C24FBEB330057CE82 /* pictures in Resources */,
				B12B741824FBD3E2000A756A /* Assets.xcassets in Resources */,
				7D8E4A6624FBE66D0057CE82 /* README.md in Resources */,
				B12B741624FBD3DD000A756A /* Main.storyboard in Resources */,
			);
			runOnlyForDeploymentPostprocessing = 0;
		};
/* End PBXResourcesBuildPhase section */

/* Begin PBXSourcesBuildPhase section */
		B12B740724FBD3DD000A756A /* Sources */ = {
			isa = PBXSourcesBuildPhase;
			buildActionMask = 2147483647;
			files = (
				B12B741324FBD3DD000A756A /* ViewController.swift in Sources */,
				B12B740F24FBD3DD000A756A /* AppDelegate.swift in Sources */,
				B12B742624FBDF14000A756A /* SceneDelegate.swift in Sources */,
			);
			runOnlyForDeploymentPostprocessing = 0;
		};
/* End PBXSourcesBuildPhase section */

/* Begin PBXVariantGroup section */
		B12B741424FBD3DD000A756A /* Main.storyboard */ = {
			isa = PBXVariantGroup;
			children = (
				B12B741524FBD3DD000A756A /* Base */,
			);
			name = Main.storyboard;
			sourceTree = "<group>";
		};
		B12B741924FBD3E2000A756A /* LaunchScreen.storyboard */ = {
			isa = PBXVariantGroup;
			children = (
				B12B741A24FBD3E2000A756A /* Base */,
			);
			name = LaunchScreen.storyboard;
			sourceTree = "<group>";
		};
/* End PBXVariantGroup section */

/* Begin XCBuildConfiguration section */
		B12B741D24FBD3E2000A756A /* Debug */ = {
			isa = XCBuildConfiguration;
			buildSettings = {
				ALWAYS_SEARCH_USER_PATHS = NO;
				CLANG_ANALYZER_NONNULL = YES;
				CLANG_ANALYZER_NUMBER_OBJECT_CONVERSION = YES_AGGRESSIVE;
				CLANG_CXX_LANGUAGE_STANDARD = "gnu++14";
				CLANG_CXX_LIBRARY = "libc++";
				CLANG_ENABLE_MODULES = YES;
				CLANG_ENABLE_OBJC_ARC = YES;
				CLANG_ENABLE_OBJC_WEAK = YES;
				CLANG_WARN_BLOCK_CAPTURE_AUTORELEASING = YES;
				CLANG_WARN_BOOL_CONVERSION = YES;
				CLANG_WARN_COMMA = YES;
				CLANG_WARN_CONSTANT_CONVERSION = YES;
				CLANG_WARN_DEPRECATED_OBJC_IMPLEMENTATIONS = YES;
				CLANG_WARN_DIRECT_OBJC_ISA_USAGE = YES_ERROR;
				CLANG_WARN_DOCUMENTATION_COMMENTS = YES;
				CLANG_WARN_EMPTY_BODY = YES;
				CLANG_WARN_ENUM_CONVERSION = YES;
				CLANG_WARN_INFINITE_RECURSION = YES;
				CLANG_WARN_INT_CONVERSION = YES;
				CLANG_WARN_NON_LITERAL_NULL_CONVERSION = YES;
				CLANG_WARN_OBJC_IMPLICIT_RETAIN_SELF = YES;
				CLANG_WARN_OBJC_LITERAL_CONVERSION = YES;
				CLANG_WARN_OBJC_ROOT_CLASS = YES_ERROR;
				CLANG_WARN_RANGE_LOOP_ANALYSIS = YES;
				CLANG_WARN_STRICT_PROTOTYPES = YES;
				CLANG_WARN_SUSPICIOUS_MOVE = YES;
				CLANG_WARN_UNGUARDED_AVAILABILITY = YES_AGGRESSIVE;
				CLANG_WARN_UNREACHABLE_CODE = YES;
				CLANG_WARN__DUPLICATE_METHOD_MATCH = YES;
				COPY_PHASE_STRIP = NO;
				DEBUG_INFORMATION_FORMAT = dwarf;
				ENABLE_STRICT_OBJC_MSGSEND = YES;
				ENABLE_TESTABILITY = YES;
				GCC_C_LANGUAGE_STANDARD = gnu11;
				GCC_DYNAMIC_NO_PIC = NO;
				GCC_NO_COMMON_BLOCKS = YES;
				GCC_OPTIMIZATION_LEVEL = 0;
				GCC_PREPROCESSOR_DEFINITIONS = (
					"DEBUG=1",
					"$(inherited)",
				);
				GCC_WARN_64_TO_32_BIT_CONVERSION = YES;
				GCC_WARN_ABOUT_RETURN_TYPE = YES_ERROR;
				GCC_WARN_UNDECLARED_SELECTOR = YES;
				GCC_WARN_UNINITIALIZED_AUTOS = YES_AGGRESSIVE;
				GCC_WARN_UNUSED_FUNCTION = YES;
				GCC_WARN_UNUSED_VARIABLE = YES;
				IPHONEOS_DEPLOYMENT_TARGET = 13.6;
				MTL_ENABLE_DEBUG_INFO = INCLUDE_SOURCE;
				MTL_FAST_MATH = YES;
				ONLY_ACTIVE_ARCH = YES;
				SDKROOT = iphoneos;
				SWIFT_ACTIVE_COMPILATION_CONDITIONS = DEBUG;
				SWIFT_OPTIMIZATION_LEVEL = "-Onone";
			};
			name = Debug;
		};
		B12B741E24FBD3E2000A756A /* Release */ = {
			isa = XCBuildConfiguration;
			buildSettings = {
				ALWAYS_SEARCH_USER_PATHS = NO;
				CLANG_ANALYZER_NONNULL = YES;
				CLANG_ANALYZER_NUMBER_OBJECT_CONVERSION = YES_AGGRESSIVE;
				CLANG_CXX_LANGUAGE_STANDARD = "gnu++14";
				CLANG_CXX_LIBRARY = "libc++";
				CLANG_ENABLE_MODULES = YES;
				CLANG_ENABLE_OBJC_ARC = YES;
				CLANG_ENABLE_OBJC_WEAK = YES;
				CLANG_WARN_BLOCK_CAPTURE_AUTORELEASING = YES;
				CLANG_WARN_BOOL_CONVERSION = YES;
				CLANG_WARN_COMMA = YES;
				CLANG_WARN_CONSTANT_CONVERSION = YES;
				CLANG_WARN_DEPRECATED_OBJC_IMPLEMENTATIONS = YES;
				CLANG_WARN_DIRECT_OBJC_ISA_USAGE = YES_ERROR;
				CLANG_WARN_DOCUMENTATION_COMMENTS = YES;
				CLANG_WARN_EMPTY_BODY = YES;
				CLANG_WARN_ENUM_CONVERSION = YES;
				CLANG_WARN_INFINITE_RECURSION = YES;
				CLANG_WARN_INT_CONVERSION = YES;
				CLANG_WARN_NON_LITERAL_NULL_CONVERSION = YES;
				CLANG_WARN_OBJC_IMPLICIT_RETAIN_SELF = YES;
				CLANG_WARN_OBJC_LITERAL_CONVERSION = YES;
				CLANG_WARN_OBJC_ROOT_CLASS = YES_ERROR;
				CLANG_WARN_RANGE_LOOP_ANALYSIS = YES;
				CLANG_WARN_STRICT_PROTOTYPES = YES;
				CLANG_WARN_SUSPICIOUS_MOVE = YES;
				CLANG_WARN_UNGUARDED_AVAILABILITY = YES_AGGRESSIVE;
				CLANG_WARN_UNREACHABLE_CODE = YES;
				CLANG_WARN__DUPLICATE_METHOD_MATCH = YES;
				COPY_PHASE_STRIP = NO;
				DEBUG_INFORMATION_FORMAT = "dwarf-with-dsym";
				ENABLE_NS_ASSERTIONS = NO;
				ENABLE_STRICT_OBJC_MSGSEND = YES;
				GCC_C_LANGUAGE_STANDARD = gnu11;
				GCC_NO_COMMON_BLOCKS = YES;
				GCC_WARN_64_TO_32_BIT_CONVERSION = YES;
				GCC_WARN_ABOUT_RETURN_TYPE = YES_ERROR;
				GCC_WARN_UNDECLARED_SELECTOR = YES;
				GCC_WARN_UNINITIALIZED_AUTOS = YES_AGGRESSIVE;
				GCC_WARN_UNUSED_FUNCTION = YES;
				GCC_WARN_UNUSED_VARIABLE = YES;
				IPHONEOS_DEPLOYMENT_TARGET = 13.6;
				MTL_ENABLE_DEBUG_INFO = NO;
				MTL_FAST_MATH = YES;
				SDKROOT = iphoneos;
				SWIFT_COMPILATION_MODE = wholemodule;
				SWIFT_OPTIMIZATION_LEVEL = "-O";
				VALIDATE_PRODUCT = YES;
			};
			name = Release;
		};
		B12B742024FBD3E2000A756A /* Debug */ = {
			isa = XCBuildConfiguration;
			buildSettings = {
				ASSETCATALOG_COMPILER_APPICON_NAME = AppIcon;
				CODE_SIGN_STYLE = Automatic;
				INFOPLIST_FILE = lightcompressorsample/Info.plist;
				IPHONEOS_DEPLOYMENT_TARGET = 11.0;
				LD_RUNPATH_SEARCH_PATHS = (
					"$(inherited)",
					"@executable_path/Frameworks",
				);
				PRODUCT_BUNDLE_IDENTIFIER = com.abedelazizshe.lightcompressor.lightcompressorsample;
				PRODUCT_NAME = "$(TARGET_NAME)";
				SWIFT_VERSION = 5.0;
				TARGETED_DEVICE_FAMILY = "1,2";
			};
			name = Debug;
		};
		B12B742124FBD3E2000A756A /* Release */ = {
			isa = XCBuildConfiguration;
			buildSettings = {
				ASSETCATALOG_COMPILER_APPICON_NAME = AppIcon;
				CODE_SIGN_STYLE = Automatic;
				INFOPLIST_FILE = lightcompressorsample/Info.plist;
				IPHONEOS_DEPLOYMENT_TARGET = 11.0;
				LD_RUNPATH_SEARCH_PATHS = (
					"$(inherited)",
					"@executable_path/Frameworks",
				);
				PRODUCT_BUNDLE_IDENTIFIER = com.abedelazizshe.lightcompressor.lightcompressorsample;
				PRODUCT_NAME = "$(TARGET_NAME)";
				SWIFT_VERSION = 5.0;
				TARGETED_DEVICE_FAMILY = "1,2";
			};
			name = Release;
		};
/* End XCBuildConfiguration section */

/* Begin XCConfigurationList section */
		B12B740624FBD3DD000A756A /* Build configuration list for PBXProject "lightcompressorsample" */ = {
			isa = XCConfigurationList;
			buildConfigurations = (
				B12B741D24FBD3E2000A756A /* Debug */,
				B12B741E24FBD3E2000A756A /* Release */,
			);
			defaultConfigurationIsVisible = 0;
			defaultConfigurationName = Release;
		};
		B12B741F24FBD3E2000A756A /* Build configuration list for PBXNativeTarget "lightcompressorsample" */ = {
			isa = XCConfigurationList;
			buildConfigurations = (
				B12B742024FBD3E2000A756A /* Debug */,
				B12B742124FBD3E2000A756A /* Release */,
			);
			defaultConfigurationIsVisible = 0;
			defaultConfigurationName = Release;
		};
/* End XCConfigurationList section */

/* Begin XCRemoteSwiftPackageReference section */
		B12B742224FBD46A000A756A /* XCRemoteSwiftPackageReference "LightCompressor_iOS" */ = {
			isa = XCRemoteSwiftPackageReference;
			repositoryURL = "https://github.com/AbedElazizShe/LightCompressor_iOS.git";
			requirement = {
				kind = upToNextMajorVersion;
				minimumVersion = 0.1.4;
			};
		};
/* End XCRemoteSwiftPackageReference section */

/* Begin XCSwiftPackageProductDependency section */
		B12B742324FBD46A000A756A /* LightCompressor */ = {
			isa = XCSwiftPackageProductDependency;
			package = B12B742224FBD46A000A756A /* XCRemoteSwiftPackageReference "LightCompressor_iOS" */;
			productName = LightCompressor;
		};
/* End XCSwiftPackageProductDependency section */
	};
	rootObject = B12B740324FBD3DD000A756A /* Project object */;
}
